// !$*UTF8*$!
{
	archiveVersion = 1;
	classes = {
	};
	objectVersion = 48;
	objects = {

/* Begin PBXBuildFile section */
		008843DF200BFE8C00C7867C /* APIService.swift in Sources */ = {isa = PBXBuildFile; fileRef = 008843DE200BFE8C00C7867C /* APIService.swift */; };
		008843E1200BFFDB00C7867C /* WeatherReport.swift in Sources */ = {isa = PBXBuildFile; fileRef = 008843E0200BFFDB00C7867C /* WeatherReport.swift */; };
		008843E3200C018400C7867C /* Constants.swift in Sources */ = {isa = PBXBuildFile; fileRef = 008843E2200C018400C7867C /* Constants.swift */; };
		00C28C0C200CC99100C6AF7E /* WeatherReportVC.swift in Sources */ = {isa = PBXBuildFile; fileRef = 00C28C0B200CC99100C6AF7E /* WeatherReportVC.swift */; };
		00C3CFB3200BFC0800569D9B /* AppDelegate.swift in Sources */ = {isa = PBXBuildFile; fileRef = 00C3CFB2200BFC0800569D9B /* AppDelegate.swift */; };
		00C3CFB5200BFC0800569D9B /* MainVC.swift in Sources */ = {isa = PBXBuildFile; fileRef = 00C3CFB4200BFC0800569D9B /* MainVC.swift */; };
		00C3CFB8200BFC0800569D9B /* Main.storyboard in Resources */ = {isa = PBXBuildFile; fileRef = 00C3CFB6200BFC0800569D9B /* Main.storyboard */; };
		00C3CFBA200BFC0800569D9B /* Assets.xcassets in Resources */ = {isa = PBXBuildFile; fileRef = 00C3CFB9200BFC0800569D9B /* Assets.xcassets */; };
		00C3CFBD200BFC0800569D9B /* LaunchScreen.storyboard in Resources */ = {isa = PBXBuildFile; fileRef = 00C3CFBB200BFC0800569D9B /* LaunchScreen.storyboard */; };
		5352F8A55AD612C4E98D2AAE /* Pods_WeatherInOneHour.framework in Frameworks */ = {isa = PBXBuildFile; fileRef = 6A6F780E22CB350982B9A303 /* Pods_WeatherInOneHour.framework */; };
/* End PBXBuildFile section */

/* Begin PBXFileReference section */
		008843DE200BFE8C00C7867C /* APIService.swift */ = {isa = PBXFileReference; lastKnownFileType = sourcecode.swift; path = APIService.swift; sourceTree = "<group>"; };
		008843E0200BFFDB00C7867C /* WeatherReport.swift */ = {isa = PBXFileReference; lastKnownFileType = sourcecode.swift; path = WeatherReport.swift; sourceTree = "<group>"; };
		008843E2200C018400C7867C /* Constants.swift */ = {isa = PBXFileReference; lastKnownFileType = sourcecode.swift; path = Constants.swift; sourceTree = "<group>"; };
		00C28C0B200CC99100C6AF7E /* WeatherReportVC.swift */ = {isa = PBXFileReference; lastKnownFileType = sourcecode.swift; path = WeatherReportVC.swift; sourceTree = "<group>"; };
		00C3CFAF200BFC0800569D9B /* WeatherInOneHour.app */ = {isa = PBXFileReference; explicitFileType = wrapper.application; includeInIndex = 0; path = WeatherInOneHour.app; sourceTree = BUILT_PRODUCTS_DIR; };
		00C3CFB2200BFC0800569D9B /* AppDelegate.swift */ = {isa = PBXFileReference; lastKnownFileType = sourcecode.swift; path = AppDelegate.swift; sourceTree = "<group>"; };
		00C3CFB4200BFC0800569D9B /* MainVC.swift */ = {isa = PBXFileReference; lastKnownFileType = sourcecode.swift; path = MainVC.swift; sourceTree = "<group>"; };
		00C3CFB7200BFC0800569D9B /* Base */ = {isa = PBXFileReference; lastKnownFileType = file.storyboard; name = Base; path = Base.lproj/Main.storyboard; sourceTree = "<group>"; };
		00C3CFB9200BFC0800569D9B /* Assets.xcassets */ = {isa = PBXFileReference; lastKnownFileType = folder.assetcatalog; path = Assets.xcassets; sourceTree = "<group>"; };
		00C3CFBC200BFC0800569D9B /* Base */ = {isa = PBXFileReference; lastKnownFileType = file.storyboard; name = Base; path = Base.lproj/LaunchScreen.storyboard; sourceTree = "<group>"; };
		00C3CFBE200BFC0800569D9B /* Info.plist */ = {isa = PBXFileReference; lastKnownFileType = text.plist.xml; path = Info.plist; sourceTree = "<group>"; };
		34EAF80716156029E47FC9FF /* Pods-WeatherInOneHour.release.xcconfig */ = {isa = PBXFileReference; includeInIndex = 1; lastKnownFileType = text.xcconfig; name = "Pods-WeatherInOneHour.release.xcconfig"; path = "Pods/Target Support Files/Pods-WeatherInOneHour/Pods-WeatherInOneHour.release.xcconfig"; sourceTree = "<group>"; };
		6668399765381EAE93305D1B /* Pods-WeatherInOneHour.debug.xcconfig */ = {isa = PBXFileReference; includeInIndex = 1; lastKnownFileType = text.xcconfig; name = "Pods-WeatherInOneHour.debug.xcconfig"; path = "Pods/Target Support Files/Pods-WeatherInOneHour/Pods-WeatherInOneHour.debug.xcconfig"; sourceTree = "<group>"; };
		6A6F780E22CB350982B9A303 /* Pods_WeatherInOneHour.framework */ = {isa = PBXFileReference; explicitFileType = wrapper.framework; includeInIndex = 0; path = Pods_WeatherInOneHour.framework; sourceTree = BUILT_PRODUCTS_DIR; };
/* End PBXFileReference section */

/* Begin PBXFrameworksBuildPhase section */
		00C3CFAC200BFC0800569D9B /* Frameworks */ = {
			isa = PBXFrameworksBuildPhase;
			buildActionMask = 2147483647;
			files = (
				5352F8A55AD612C4E98D2AAE /* Pods_WeatherInOneHour.framework in Frameworks */,
			);
			runOnlyForDeploymentPostprocessing = 0;
		};
/* End PBXFrameworksBuildPhase section */

/* Begin PBXGroup section */
		008843D7200BFE5900C7867C /* Controller */ = {
			isa = PBXGroup;
			children = (
				00C3CFB4200BFC0800569D9B /* MainVC.swift */,
				00C28C0B200CC99100C6AF7E /* WeatherReportVC.swift */,
			);
			path = Controller;
			sourceTree = "<group>";
		};
		008843D8200BFE6000C7867C /* View */ = {
			isa = PBXGroup;
			children = (
			);
			path = View;
			sourceTree = "<group>";
		};
		008843D9200BFE6500C7867C /* Model */ = {
			isa = PBXGroup;
			children = (
				008843E0200BFFDB00C7867C /* WeatherReport.swift */,
			);
			path = Model;
			sourceTree = "<group>";
		};
		008843DA200BFE6A00C7867C /* Services */ = {
			isa = PBXGroup;
			children = (
				008843DE200BFE8C00C7867C /* APIService.swift */,
			);
			path = Services;
			sourceTree = "<group>";
		};
		008843DB200BFE7300C7867C /* Utilities */ = {
			isa = PBXGroup;
			children = (
				008843E2200C018400C7867C /* Constants.swift */,
			);
			path = Utilities;
			sourceTree = "<group>";
		};
		00C3CFA6200BFC0800569D9B = {
			isa = PBXGroup;
			children = (
				00C3CFB1200BFC0800569D9B /* WeatherInOneHour */,
				00C3CFB0200BFC0800569D9B /* Products */,
				677734274930B4176B67EE30 /* Pods */,
				F58EB8FCA350CB30AC491900 /* Frameworks */,
			);
			sourceTree = "<group>";
		};
		00C3CFB0200BFC0800569D9B /* Products */ = {
			isa = PBXGroup;
			children = (
				00C3CFAF200BFC0800569D9B /* WeatherInOneHour.app */,
			);
			name = Products;
			sourceTree = "<group>";
		};
		00C3CFB1200BFC0800569D9B /* WeatherInOneHour */ = {
			isa = PBXGroup;
			children = (
				008843DB200BFE7300C7867C /* Utilities */,
				008843DA200BFE6A00C7867C /* Services */,
				008843D9200BFE6500C7867C /* Model */,
				008843D8200BFE6000C7867C /* View */,
				008843D7200BFE5900C7867C /* Controller */,
				00C3CFB2200BFC0800569D9B /* AppDelegate.swift */,
				00C3CFB6200BFC0800569D9B /* Main.storyboard */,
				00C3CFB9200BFC0800569D9B /* Assets.xcassets */,
				00C3CFBB200BFC0800569D9B /* LaunchScreen.storyboard */,
				00C3CFBE200BFC0800569D9B /* Info.plist */,
			);
			path = WeatherInOneHour;
			sourceTree = "<group>";
		};
		677734274930B4176B67EE30 /* Pods */ = {
			isa = PBXGroup;
			children = (
				6668399765381EAE93305D1B /* Pods-WeatherInOneHour.debug.xcconfig */,
				34EAF80716156029E47FC9FF /* Pods-WeatherInOneHour.release.xcconfig */,
			);
			name = Pods;
			sourceTree = "<group>";
		};
		F58EB8FCA350CB30AC491900 /* Frameworks */ = {
			isa = PBXGroup;
			children = (
				6A6F780E22CB350982B9A303 /* Pods_WeatherInOneHour.framework */,
			);
			name = Frameworks;
			sourceTree = "<group>";
		};
/* End PBXGroup section */

/* Begin PBXNativeTarget section */
		00C3CFAE200BFC0800569D9B /* WeatherInOneHour */ = {
			isa = PBXNativeTarget;
			buildConfigurationList = 00C3CFC1200BFC0800569D9B /* Build configuration list for PBXNativeTarget "WeatherInOneHour" */;
			buildPhases = (
				A1F02D633E33920E335F43E2 /* [CP] Check Pods Manifest.lock */,
				00C3CFAB200BFC0800569D9B /* Sources */,
				00C3CFAC200BFC0800569D9B /* Frameworks */,
				00C3CFAD200BFC0800569D9B /* Resources */,
				8F51C39B92A81E43A8C67232 /* [CP] Embed Pods Frameworks */,
				66E6A011D578849F4F553588 /* [CP] Copy Pods Resources */,
			);
			buildRules = (
			);
			dependencies = (
			);
			name = WeatherInOneHour;
			productName = WeatherInOneHour;
			productReference = 00C3CFAF200BFC0800569D9B /* WeatherInOneHour.app */;
			productType = "com.apple.product-type.application";
		};
/* End PBXNativeTarget section */

/* Begin PBXProject section */
		00C3CFA7200BFC0800569D9B /* Project object */ = {
			isa = PBXProject;
			attributes = {
				LastSwiftUpdateCheck = 0920;
				LastUpgradeCheck = 0920;
				ORGANIZATIONNAME = "Iain Coleman";
				TargetAttributes = {
					00C3CFAE200BFC0800569D9B = {
						CreatedOnToolsVersion = 9.2;
						ProvisioningStyle = Automatic;
					};
				};
			};
			buildConfigurationList = 00C3CFAA200BFC0800569D9B /* Build configuration list for PBXProject "WeatherInOneHour" */;
			compatibilityVersion = "Xcode 8.0";
			developmentRegion = en;
			hasScannedForEncodings = 0;
			knownRegions = (
				en,
				Base,
			);
			mainGroup = 00C3CFA6200BFC0800569D9B;
			productRefGroup = 00C3CFB0200BFC0800569D9B /* Products */;
			projectDirPath = "";
			projectRoot = "";
			targets = (
				00C3CFAE200BFC0800569D9B /* WeatherInOneHour */,
			);
		};
/* End PBXProject section */

/* Begin PBXResourcesBuildPhase section */
		00C3CFAD200BFC0800569D9B /* Resources */ = {
			isa = PBXResourcesBuildPhase;
			buildActionMask = 2147483647;
			files = (
				00C3CFBD200BFC0800569D9B /* LaunchScreen.storyboard in Resources */,
				00C3CFBA200BFC0800569D9B /* Assets.xcassets in Resources */,
				00C3CFB8200BFC0800569D9B /* Main.storyboard in Resources */,
			);
			runOnlyForDeploymentPostprocessing = 0;
		};
/* End PBXResourcesBuildPhase section */

/* Begin PBXShellScriptBuildPhase section */
		66E6A011D578849F4F553588 /* [CP] Copy Pods Resources */ = {
			isa = PBXShellScriptBuildPhase;
			buildActionMask = 2147483647;
			files = (
			);
			inputPaths = (
			);
			name = "[CP] Copy Pods Resources";
			outputPaths = (
			);
			runOnlyForDeploymentPostprocessing = 0;
			shellPath = /bin/sh;
			shellScript = "\"${SRCROOT}/Pods/Target Support Files/Pods-WeatherInOneHour/Pods-WeatherInOneHour-resources.sh\"\n";
			showEnvVarsInLog = 0;
		};
		8F51C39B92A81E43A8C67232 /* [CP] Embed Pods Frameworks */ = {
			isa = PBXShellScriptBuildPhase;
			buildActionMask = 2147483647;
			files = (
			);
			inputPaths = (
				"${SRCROOT}/Pods/Target Support Files/Pods-WeatherInOneHour/Pods-WeatherInOneHour-frameworks.sh",
				"${BUILT_PRODUCTS_DIR}/Alamofire/Alamofire.framework",
				"${BUILT_PRODUCTS_DIR}/SwiftyJSON/SwiftyJSON.framework",
			);
			name = "[CP] Embed Pods Frameworks";
			outputPaths = (
				"${TARGET_BUILD_DIR}/${FRAMEWORKS_FOLDER_PATH}/Alamofire.framework",
				"${TARGET_BUILD_DIR}/${FRAMEWORKS_FOLDER_PATH}/SwiftyJSON.framework",
			);
			runOnlyForDeploymentPostprocessing = 0;
			shellPath = /bin/sh;
			shellScript = "\"${SRCROOT}/Pods/Target Support Files/Pods-WeatherInOneHour/Pods-WeatherInOneHour-frameworks.sh\"\n";
			showEnvVarsInLog = 0;
		};
		A1F02D633E33920E335F43E2 /* [CP] Check Pods Manifest.lock */ = {
			isa = PBXShellScriptBuildPhase;
			buildActionMask = 2147483647;
			files = (
			);
			inputPaths = (
				"${PODS_PODFILE_DIR_PATH}/Podfile.lock",
				"${PODS_ROOT}/Manifest.lock",
			);
			name = "[CP] Check Pods Manifest.lock";
			outputPaths = (
				"$(DERIVED_FILE_DIR)/Pods-WeatherInOneHour-checkManifestLockResult.txt",
			);
			runOnlyForDeploymentPostprocessing = 0;
			shellPath = /bin/sh;
			shellScript = "diff \"${PODS_PODFILE_DIR_PATH}/Podfile.lock\" \"${PODS_ROOT}/Manifest.lock\" > /dev/null\nif [ $? != 0 ] ; then\n    # print error to STDERR\n    echo \"error: The sandbox is not in sync with the Podfile.lock. Run 'pod install' or update your CocoaPods installation.\" >&2\n    exit 1\nfi\n# This output is used by Xcode 'outputs' to avoid re-running this script phase.\necho \"SUCCESS\" > \"${SCRIPT_OUTPUT_FILE_0}\"\n";
			showEnvVarsInLog = 0;
		};
/* End PBXShellScriptBuildPhase section */

/* Begin PBXSourcesBuildPhase section */
		00C3CFAB200BFC0800569D9B /* Sources */ = {
			isa = PBXSourcesBuildPhase;
			buildActionMask = 2147483647;
			files = (
				008843E3200C018400C7867C /* Constants.swift in Sources */,
				00C28C0C200CC99100C6AF7E /* WeatherReportVC.swift in Sources */,
				00C3CFB5200BFC0800569D9B /* MainVC.swift in Sources */,
				00C3CFB3200BFC0800569D9B /* AppDelegate.swift in Sources */,
				008843E1200BFFDB00C7867C /* WeatherReport.swift in Sources */,
				008843DF200BFE8C00C7867C /* APIService.swift in Sources */,
			);
			runOnlyForDeploymentPostprocessing = 0;
		};
/* End PBXSourcesBuildPhase section */

/* Begin PBXVariantGroup section */
		00C3CFB6200BFC0800569D9B /* Main.storyboard */ = {
			isa = PBXVariantGroup;
			children = (
				00C3CFB7200BFC0800569D9B /* Base */,
			);
			name = Main.storyboard;
			sourceTree = "<group>";
		};
		00C3CFBB200BFC0800569D9B /* LaunchScreen.storyboard */ = {
			isa = PBXVariantGroup;
			children = (
				00C3CFBC200BFC0800569D9B /* Base */,
			);
			name = LaunchScreen.storyboard;
			sourceTree = "<group>";
		};
/* End PBXVariantGroup section */

/* Begin XCBuildConfiguration section */
		00C3CFBF200BFC0800569D9B /* Debug */ = {
			isa = XCBuildConfiguration;
			buildSettings = {
				ALWAYS_SEARCH_USER_PATHS = NO;
				CLANG_ANALYZER_NONNULL = YES;
				CLANG_ANALYZER_NUMBER_OBJECT_CONVERSION = YES_AGGRESSIVE;
				CLANG_CXX_LANGUAGE_STANDARD = "gnu++14";
				CLANG_CXX_LIBRARY = "libc++";
				CLANG_ENABLE_MODULES = YES;
				CLANG_ENABLE_OBJC_ARC = YES;
				CLANG_WARN_BLOCK_CAPTURE_AUTORELEASING = YES;
				CLANG_WARN_BOOL_CONVERSION = YES;
				CLANG_WARN_COMMA = YES;
				CLANG_WARN_CONSTANT_CONVERSION = YES;
				CLANG_WARN_DIRECT_OBJC_ISA_USAGE = YES_ERROR;
				CLANG_WARN_DOCUMENTATION_COMMENTS = YES;
				CLANG_WARN_EMPTY_BODY = YES;
				CLANG_WARN_ENUM_CONVERSION = YES;
				CLANG_WARN_INFINITE_RECURSION = YES;
				CLANG_WARN_INT_CONVERSION = YES;
				CLANG_WARN_NON_LITERAL_NULL_CONVERSION = YES;
				CLANG_WARN_OBJC_LITERAL_CONVERSION = YES;
				CLANG_WARN_OBJC_ROOT_CLASS = YES_ERROR;
				CLANG_WARN_RANGE_LOOP_ANALYSIS = YES;
				CLANG_WARN_STRICT_PROTOTYPES = YES;
				CLANG_WARN_SUSPICIOUS_MOVE = YES;
				CLANG_WARN_UNGUARDED_AVAILABILITY = YES_AGGRESSIVE;
				CLANG_WARN_UNREACHABLE_CODE = YES;
				CLANG_WARN__DUPLICATE_METHOD_MATCH = YES;
				CODE_SIGN_IDENTITY = "iPhone Developer";
				COPY_PHASE_STRIP = NO;
				DEBUG_INFORMATION_FORMAT = dwarf;
				ENABLE_STRICT_OBJC_MSGSEND = YES;
				ENABLE_TESTABILITY = YES;
				GCC_C_LANGUAGE_STANDARD = gnu11;
				GCC_DYNAMIC_NO_PIC = NO;
				GCC_NO_COMMON_BLOCKS = YES;
				GCC_OPTIMIZATION_LEVEL = 0;
				GCC_PREPROCESSOR_DEFINITIONS = (
					"DEBUG=1",
					"$(inherited)",
				);
				GCC_WARN_64_TO_32_BIT_CONVERSION = YES;
				GCC_WARN_ABOUT_RETURN_TYPE = YES_ERROR;
				GCC_WARN_UNDECLARED_SELECTOR = YES;
				GCC_WARN_UNINITIALIZED_AUTOS = YES_AGGRESSIVE;
				GCC_WARN_UNUSED_FUNCTION = YES;
				GCC_WARN_UNUSED_VARIABLE = YES;
				IPHONEOS_DEPLOYMENT_TARGET = 11.2;
				MTL_ENABLE_DEBUG_INFO = YES;
				ONLY_ACTIVE_ARCH = YES;
				SDKROOT = iphoneos;
				SWIFT_ACTIVE_COMPILATION_CONDITIONS = DEBUG;
				SWIFT_OPTIMIZATION_LEVEL = "-Onone";
			};
			name = Debug;
		};
		00C3CFC0200BFC0800569D9B /* Release */ = {
			isa = XCBuildConfiguration;
			buildSettings = {
				ALWAYS_SEARCH_USER_PATHS = NO;
				CLANG_ANALYZER_NONNULL = YES;
				CLANG_ANALYZER_NUMBER_OBJECT_CONVERSION = YES_AGGRESSIVE;
				CLANG_CXX_LANGUAGE_STANDARD = "gnu++14";
				CLANG_CXX_LIBRARY = "libc++";
				CLANG_ENABLE_MODULES = YES;
				CLANG_ENABLE_OBJC_ARC = YES;
				CLANG_WARN_BLOCK_CAPTURE_AUTORELEASING = YES;
				CLANG_WARN_BOOL_CONVERSION = YES;
				CLANG_WARN_COMMA = YES;
				CLANG_WARN_CONSTANT_CONVERSION = YES;
				CLANG_WARN_DIRECT_OBJC_ISA_USAGE = YES_ERROR;
				CLANG_WARN_DOCUMENTATION_COMMENTS = YES;
				CLANG_WARN_EMPTY_BODY = YES;
				CLANG_WARN_ENUM_CONVERSION = YES;
				CLANG_WARN_INFINITE_RECURSION = YES;
				CLANG_WARN_INT_CONVERSION = YES;
				CLANG_WARN_NON_LITERAL_NULL_CONVERSION = YES;
				CLANG_WARN_OBJC_LITERAL_CONVERSION = YES;
				CLANG_WARN_OBJC_ROOT_CLASS = YES_ERROR;
				CLANG_WARN_RANGE_LOOP_ANALYSIS = YES;
				CLANG_WARN_STRICT_PROTOTYPES = YES;
				CLANG_WARN_SUSPICIOUS_MOVE = YES;
				CLANG_WARN_UNGUARDED_AVAILABILITY = YES_AGGRESSIVE;
				CLANG_WARN_UNREACHABLE_CODE = YES;
				CLANG_WARN__DUPLICATE_METHOD_MATCH = YES;
				CODE_SIGN_IDENTITY = "iPhone Developer";
				COPY_PHASE_STRIP = NO;
				DEBUG_INFORMATION_FORMAT = "dwarf-with-dsym";
				ENABLE_NS_ASSERTIONS = NO;
				ENABLE_STRICT_OBJC_MSGSEND = YES;
				GCC_C_LANGUAGE_STANDARD = gnu11;
				GCC_NO_COMMON_BLOCKS = YES;
				GCC_WARN_64_TO_32_BIT_CONVERSION = YES;
				GCC_WARN_ABOUT_RETURN_TYPE = YES_ERROR;
				GCC_WARN_UNDECLARED_SELECTOR = YES;
				GCC_WARN_UNINITIALIZED_AUTOS = YES_AGGRESSIVE;
				GCC_WARN_UNUSED_FUNCTION = YES;
				GCC_WARN_UNUSED_VARIABLE = YES;
				IPHONEOS_DEPLOYMENT_TARGET = 11.2;
				MTL_ENABLE_DEBUG_INFO = NO;
				SDKROOT = iphoneos;
				SWIFT_OPTIMIZATION_LEVEL = "-Owholemodule";
				VALIDATE_PRODUCT = YES;
			};
			name = Release;
		};
		00C3CFC2200BFC0800569D9B /* Debug */ = {
			isa = XCBuildConfiguration;
			baseConfigurationReference = 6668399765381EAE93305D1B /* Pods-WeatherInOneHour.debug.xcconfig */;
			buildSettings = {
				ASSETCATALOG_COMPILER_APPICON_NAME = AppIcon;
				CODE_SIGN_STYLE = Automatic;
				DEVELOPMENT_TEAM = 9GNF787574;
				INFOPLIST_FILE = WeatherInOneHour/Info.plist;
				LD_RUNPATH_SEARCH_PATHS = "$(inherited) @executable_path/Frameworks";
				PRODUCT_BUNDLE_IDENTIFIER = com.fiendishcorporation.WeatherInOneHour;
				PRODUCT_NAME = "$(TARGET_NAME)";
				SWIFT_VERSION = 4.0;
				TARGETED_DEVICE_FAMILY = "1,2";
			};
			name = Debug;
		};
		00C3CFC3200BFC0800569D9B /* Release */ = {
			isa = XCBuildConfiguration;
			baseConfigurationReference = 34EAF80716156029E47FC9FF /* Pods-WeatherInOneHour.release.xcconfig */;
			buildSettings = {
				ASSETCATALOG_COMPILER_APPICON_NAME = AppIcon;
				CODE_SIGN_STYLE = Automatic;
				DEVELOPMENT_TEAM = 9GNF787574;
				INFOPLIST_FILE = WeatherInOneHour/Info.plist;
				LD_RUNPATH_SEARCH_PATHS = "$(inherited) @executable_path/Frameworks";
				PRODUCT_BUNDLE_IDENTIFIER = com.fiendishcorporation.WeatherInOneHour;
				PRODUCT_NAME = "$(TARGET_NAME)";
				SWIFT_VERSION = 4.0;
				TARGETED_DEVICE_FAMILY = "1,2";
			};
			name = Release;
		};
/* End XCBuildConfiguration section */

/* Begin XCConfigurationList section */
		00C3CFAA200BFC0800569D9B /* Build configuration list for PBXProject "WeatherInOneHour" */ = {
			isa = XCConfigurationList;
			buildConfigurations = (
				00C3CFBF200BFC0800569D9B /* Debug */,
				00C3CFC0200BFC0800569D9B /* Release */,
			);
			defaultConfigurationIsVisible = 0;
			defaultConfigurationName = Release;
		};
		00C3CFC1200BFC0800569D9B /* Build configuration list for PBXNativeTarget "WeatherInOneHour" */ = {
			isa = XCConfigurationList;
			buildConfigurations = (
				00C3CFC2200BFC0800569D9B /* Debug */,
				00C3CFC3200BFC0800569D9B /* Release */,
			);
			defaultConfigurationIsVisible = 0;
			defaultConfigurationName = Release;
		};
/* End XCConfigurationList section */
	};
	rootObject = 00C3CFA7200BFC0800569D9B /* Project object */;
}
